
Microsoft Visual Studio Solution File, Format Version 12.00
# Visual Studio Version 17
VisualStudioVersion = 17.6.33723.286
MinimumVisualStudioVersion = 10.0.40219.1
Project("{FAE04EC0-301F-11D3-BF4B-00C04F79EFBC}") = "SecretSantaGame", "SecretSantaGame\SecretSantaGame.csproj", "{BC47B315-7731-4C23-A861-3F058EF0B849}"
EndProject
Global
	GlobalSection(SolutionConfigurationPlatforms) = preSolution
		Debug|Any CPU = Debug|Any CPU
		Release|Any CPU = Release|Any CPU
	EndGlobalSection
	GlobalSection(ProjectConfigurationPlatforms) = postSolution
		{BC47B315-7731-4C23-A861-3F058EF0B849}.Debug|Any CPU.ActiveCfg = Debug|Any CPU
		{BC47B315-7731-4C23-A861-3F058EF0B849}.Debug|Any CPU.Build.0 = Debug|Any CPU
		{BC47B315-7731-4C23-A861-3F058EF0B849}.Release|Any CPU.ActiveCfg = Release|Any CPU
		{BC47B315-7731-4C23-A861-3F058EF0B849}.Release|Any CPU.Build.0 = Release|Any CPU
	EndGlobalSection
	GlobalSection(SolutionProperties) = preSolution
		HideSolutionNode = FALSE
	EndGlobalSection
	GlobalSection(ExtensibilityGlobals) = postSolution
		SolutionGuid = {75827149-D36E-4520-B36F-567CC95F0D4B}
	EndGlobalSection
EndGlobal
